// !$*UTF8*$!
{
	archiveVersion = 1;
	classes = {
	};
	objectVersion = 50;
	objects = {

/* Begin PBXBuildFile section */
		AEEBE1C422AC1BCC00CBA928 /* AppDelegate.swift in Sources */ = {isa = PBXBuildFile; fileRef = AEEBE1C322AC1BCC00CBA928 /* AppDelegate.swift */; };
		AEEBE1C622AC1BCC00CBA928 /* ViewController.swift in Sources */ = {isa = PBXBuildFile; fileRef = AEEBE1C522AC1BCC00CBA928 /* ViewController.swift */; };
		AEEBE1C922AC1BCC00CBA928 /* Main.storyboard in Resources */ = {isa = PBXBuildFile; fileRef = AEEBE1C722AC1BCC00CBA928 /* Main.storyboard */; };
		AEEBE1CB22AC1BCD00CBA928 /* Assets.xcassets in Resources */ = {isa = PBXBuildFile; fileRef = AEEBE1CA22AC1BCD00CBA928 /* Assets.xcassets */; };
		AEEBE1CE22AC1BCD00CBA928 /* LaunchScreen.storyboard in Resources */ = {isa = PBXBuildFile; fileRef = AEEBE1CC22AC1BCD00CBA928 /* LaunchScreen.storyboard */; };
		AEEBE1D922AC1BCD00CBA928 /* IDTests.swift in Sources */ = {isa = PBXBuildFile; fileRef = AEEBE1D822AC1BCD00CBA928 /* IDTests.swift */; };
		AEEBE1E422AC1BCD00CBA928 /* IDUITests.swift in Sources */ = {isa = PBXBuildFile; fileRef = AEEBE1E322AC1BCD00CBA928 /* IDUITests.swift */; };
/* End PBXBuildFile section */

/* Begin PBXContainerItemProxy section */
		AEEBE1D522AC1BCD00CBA928 /* PBXContainerItemProxy */ = {
			isa = PBXContainerItemProxy;
			containerPortal = AEEBE1B822AC1BCB00CBA928 /* Project object */;
			proxyType = 1;
			remoteGlobalIDString = AEEBE1BF22AC1BCC00CBA928;
			remoteInfo = ID;
		};
		AEEBE1E022AC1BCD00CBA928 /* PBXContainerItemProxy */ = {
			isa = PBXContainerItemProxy;
			containerPortal = AEEBE1B822AC1BCB00CBA928 /* Project object */;
			proxyType = 1;
			remoteGlobalIDString = AEEBE1BF22AC1BCC00CBA928;
			remoteInfo = ID;
		};
/* End PBXContainerItemProxy section */

/* Begin PBXFileReference section */
		AEEBE1C022AC1BCC00CBA928 /* ID.app */ = {isa = PBXFileReference; explicitFileType = wrapper.application; includeInIndex = 0; path = ID.app; sourceTree = BUILT_PRODUCTS_DIR; };
		AEEBE1C322AC1BCC00CBA928 /* AppDelegate.swift */ = {isa = PBXFileReference; lastKnownFileType = sourcecode.swift; path = AppDelegate.swift; sourceTree = "<group>"; };
		AEEBE1C522AC1BCC00CBA928 /* ViewController.swift */ = {isa = PBXFileReference; lastKnownFileType = sourcecode.swift; path = ViewController.swift; sourceTree = "<group>"; };
		AEEBE1C822AC1BCC00CBA928 /* Base */ = {isa = PBXFileReference; lastKnownFileType = file.storyboard; name = Base; path = Base.lproj/Main.storyboard; sourceTree = "<group>"; };
		AEEBE1CA22AC1BCD00CBA928 /* Assets.xcassets */ = {isa = PBXFileReference; lastKnownFileType = folder.assetcatalog; path = Assets.xcassets; sourceTree = "<group>"; };
		AEEBE1CD22AC1BCD00CBA928 /* Base */ = {isa = PBXFileReference; lastKnownFileType = file.storyboard; name = Base; path = Base.lproj/LaunchScreen.storyboard; sourceTree = "<group>"; };
		AEEBE1CF22AC1BCD00CBA928 /* Info.plist */ = {isa = PBXFileReference; lastKnownFileType = text.plist.xml; path = Info.plist; sourceTree = "<group>"; };
		AEEBE1D422AC1BCD00CBA928 /* IDTests.xctest */ = {isa = PBXFileReference; explicitFileType = wrapper.cfbundle; includeInIndex = 0; path = IDTests.xctest; sourceTree = BUILT_PRODUCTS_DIR; };
		AEEBE1D822AC1BCD00CBA928 /* IDTests.swift */ = {isa = PBXFileReference; lastKnownFileType = sourcecode.swift; path = IDTests.swift; sourceTree = "<group>"; };
		AEEBE1DA22AC1BCD00CBA928 /* Info.plist */ = {isa = PBXFileReference; lastKnownFileType = text.plist.xml; path = Info.plist; sourceTree = "<group>"; };
		AEEBE1DF22AC1BCD00CBA928 /* IDUITests.xctest */ = {isa = PBXFileReference; explicitFileType = wrapper.cfbundle; includeInIndex = 0; path = IDUITests.xctest; sourceTree = BUILT_PRODUCTS_DIR; };
		AEEBE1E322AC1BCD00CBA928 /* IDUITests.swift */ = {isa = PBXFileReference; lastKnownFileType = sourcecode.swift; path = IDUITests.swift; sourceTree = "<group>"; };
		AEEBE1E522AC1BCD00CBA928 /* Info.plist */ = {isa = PBXFileReference; lastKnownFileType = text.plist.xml; path = Info.plist; sourceTree = "<group>"; };
/* End PBXFileReference section */

/* Begin PBXFrameworksBuildPhase section */
		AEEBE1BD22AC1BCC00CBA928 /* Frameworks */ = {
			isa = PBXFrameworksBuildPhase;
			buildActionMask = 2147483647;
			files = (
			);
			runOnlyForDeploymentPostprocessing = 0;
		};
		AEEBE1D122AC1BCD00CBA928 /* Frameworks */ = {
			isa = PBXFrameworksBuildPhase;
			buildActionMask = 2147483647;
			files = (
			);
			runOnlyForDeploymentPostprocessing = 0;
		};
		AEEBE1DC22AC1BCD00CBA928 /* Frameworks */ = {
			isa = PBXFrameworksBuildPhase;
			buildActionMask = 2147483647;
			files = (
			);
			runOnlyForDeploymentPostprocessing = 0;
		};
/* End PBXFrameworksBuildPhase section */

/* Begin PBXGroup section */
		AEEBE1B722AC1BCB00CBA928 = {
			isa = PBXGroup;
			children = (
				AEEBE1C222AC1BCC00CBA928 /* ID */,
				AEEBE1D722AC1BCD00CBA928 /* IDTests */,
				AEEBE1E222AC1BCD00CBA928 /* IDUITests */,
				AEEBE1C122AC1BCC00CBA928 /* Products */,
			);
			sourceTree = "<group>";
		};
		AEEBE1C122AC1BCC00CBA928 /* Products */ = {
			isa = PBXGroup;
			children = (
				AEEBE1C022AC1BCC00CBA928 /* ID.app */,
				AEEBE1D422AC1BCD00CBA928 /* IDTests.xctest */,
				AEEBE1DF22AC1BCD00CBA928 /* IDUITests.xctest */,
			);
			name = Products;
			sourceTree = "<group>";
		};
		AEEBE1C222AC1BCC00CBA928 /* ID */ = {
			isa = PBXGroup;
			children = (
				AEEBE1C322AC1BCC00CBA928 /* AppDelegate.swift */,
				AEEBE1C522AC1BCC00CBA928 /* ViewController.swift */,
				AEEBE1C722AC1BCC00CBA928 /* Main.storyboard */,
				AEEBE1CA22AC1BCD00CBA928 /* Assets.xcassets */,
				AEEBE1CC22AC1BCD00CBA928 /* LaunchScreen.storyboard */,
				AEEBE1CF22AC1BCD00CBA928 /* Info.plist */,
			);
			path = ID;
			sourceTree = "<group>";
		};
		AEEBE1D722AC1BCD00CBA928 /* IDTests */ = {
			isa = PBXGroup;
			children = (
				AEEBE1D822AC1BCD00CBA928 /* IDTests.swift */,
				AEEBE1DA22AC1BCD00CBA928 /* Info.plist */,
			);
			path = IDTests;
			sourceTree = "<group>";
		};
		AEEBE1E222AC1BCD00CBA928 /* IDUITests */ = {
			isa = PBXGroup;
			children = (
				AEEBE1E322AC1BCD00CBA928 /* IDUITests.swift */,
				AEEBE1E522AC1BCD00CBA928 /* Info.plist */,
			);
			path = IDUITests;
			sourceTree = "<group>";
		};
/* End PBXGroup section */

/* Begin PBXNativeTarget section */
		AEEBE1BF22AC1BCC00CBA928 /* ID */ = {
			isa = PBXNativeTarget;
			buildConfigurationList = AEEBE1E822AC1BCD00CBA928 /* Build configuration list for PBXNativeTarget "ID" */;
			buildPhases = (
				AEEBE1BC22AC1BCC00CBA928 /* Sources */,
				AEEBE1BD22AC1BCC00CBA928 /* Frameworks */,
				AEEBE1BE22AC1BCC00CBA928 /* Resources */,
			);
			buildRules = (
			);
			dependencies = (
			);
			name = ID;
			productName = ID;
			productReference = AEEBE1C022AC1BCC00CBA928 /* ID.app */;
			productType = "com.apple.product-type.application";
		};
		AEEBE1D322AC1BCD00CBA928 /* IDTests */ = {
			isa = PBXNativeTarget;
			buildConfigurationList = AEEBE1EB22AC1BCD00CBA928 /* Build configuration list for PBXNativeTarget "IDTests" */;
			buildPhases = (
				AEEBE1D022AC1BCD00CBA928 /* Sources */,
				AEEBE1D122AC1BCD00CBA928 /* Frameworks */,
				AEEBE1D222AC1BCD00CBA928 /* Resources */,
			);
			buildRules = (
			);
			dependencies = (
				AEEBE1D622AC1BCD00CBA928 /* PBXTargetDependency */,
			);
			name = IDTests;
			productName = IDTests;
			productReference = AEEBE1D422AC1BCD00CBA928 /* IDTests.xctest */;
			productType = "com.apple.product-type.bundle.unit-test";
		};
		AEEBE1DE22AC1BCD00CBA928 /* IDUITests */ = {
			isa = PBXNativeTarget;
			buildConfigurationList = AEEBE1EE22AC1BCD00CBA928 /* Build configuration list for PBXNativeTarget "IDUITests" */;
			buildPhases = (
				AEEBE1DB22AC1BCD00CBA928 /* Sources */,
				AEEBE1DC22AC1BCD00CBA928 /* Frameworks */,
				AEEBE1DD22AC1BCD00CBA928 /* Resources */,
			);
			buildRules = (
			);
			dependencies = (
				AEEBE1E122AC1BCD00CBA928 /* PBXTargetDependency */,
			);
			name = IDUITests;
			productName = IDUITests;
			productReference = AEEBE1DF22AC1BCD00CBA928 /* IDUITests.xctest */;
			productType = "com.apple.product-type.bundle.ui-testing";
		};
/* End PBXNativeTarget section */

/* Begin PBXProject section */
		AEEBE1B822AC1BCB00CBA928 /* Project object */ = {
			isa = PBXProject;
			attributes = {
				LastSwiftUpdateCheck = 1020;
				LastUpgradeCheck = 1020;
				ORGANIZATIONNAME = takusan23;
				TargetAttributes = {
					AEEBE1BF22AC1BCC00CBA928 = {
						CreatedOnToolsVersion = 10.2.1;
					};
					AEEBE1D322AC1BCD00CBA928 = {
						CreatedOnToolsVersion = 10.2.1;
						TestTargetID = AEEBE1BF22AC1BCC00CBA928;
					};
					AEEBE1DE22AC1BCD00CBA928 = {
						CreatedOnToolsVersion = 10.2.1;
						TestTargetID = AEEBE1BF22AC1BCC00CBA928;
					};
				};
			};
			buildConfigurationList = AEEBE1BB22AC1BCB00CBA928 /* Build configuration list for PBXProject "ID" */;
			compatibilityVersion = "Xcode 9.3";
			developmentRegion = en;
			hasScannedForEncodings = 0;
			knownRegions = (
				en,
				Base,
			);
			mainGroup = AEEBE1B722AC1BCB00CBA928;
			productRefGroup = AEEBE1C122AC1BCC00CBA928 /* Products */;
			projectDirPath = "";
			projectRoot = "";
			targets = (
				AEEBE1BF22AC1BCC00CBA928 /* ID */,
				AEEBE1D322AC1BCD00CBA928 /* IDTests */,
				AEEBE1DE22AC1BCD00CBA928 /* IDUITests */,
			);
		};
/* End PBXProject section */

/* Begin PBXResourcesBuildPhase section */
		AEEBE1BE22AC1BCC00CBA928 /* Resources */ = {
			isa = PBXResourcesBuildPhase;
			buildActionMask = 2147483647;
			files = (
				AEEBE1CE22AC1BCD00CBA928 /* LaunchScreen.storyboard in Resources */,
				AEEBE1CB22AC1BCD00CBA928 /* Assets.xcassets in Resources */,
				AEEBE1C922AC1BCC00CBA928 /* Main.storyboard in Resources */,
			);
			runOnlyForDeploymentPostprocessing = 0;
		};
		AEEBE1D222AC1BCD00CBA928 /* Resources */ = {
			isa = PBXResourcesBuildPhase;
			buildActionMask = 2147483647;
			files = (
			);
			runOnlyForDeploymentPostprocessing = 0;
		};
		AEEBE1DD22AC1BCD00CBA928 /* Resources */ = {
			isa = PBXResourcesBuildPhase;
			buildActionMask = 2147483647;
			files = (
			);
			runOnlyForDeploymentPostprocessing = 0;
		};
/* End PBXResourcesBuildPhase section */

/* Begin PBXSourcesBuildPhase section */
		AEEBE1BC22AC1BCC00CBA928 /* Sources */ = {
			isa = PBXSourcesBuildPhase;
			buildActionMask = 2147483647;
			files = (
				AEEBE1C622AC1BCC00CBA928 /* ViewController.swift in Sources */,
				AEEBE1C422AC1BCC00CBA928 /* AppDelegate.swift in Sources */,
			);
			runOnlyForDeploymentPostprocessing = 0;
		};
		AEEBE1D022AC1BCD00CBA928 /* Sources */ = {
			isa = PBXSourcesBuildPhase;
			buildActionMask = 2147483647;
			files = (
				AEEBE1D922AC1BCD00CBA928 /* IDTests.swift in Sources */,
			);
			runOnlyForDeploymentPostprocessing = 0;
		};
		AEEBE1DB22AC1BCD00CBA928 /* Sources */ = {
			isa = PBXSourcesBuildPhase;
			buildActionMask = 2147483647;
			files = (
				AEEBE1E422AC1BCD00CBA928 /* IDUITests.swift in Sources */,
			);
			runOnlyForDeploymentPostprocessing = 0;
		};
/* End PBXSourcesBuildPhase section */

/* Begin PBXTargetDependency section */
		AEEBE1D622AC1BCD00CBA928 /* PBXTargetDependency */ = {
			isa = PBXTargetDependency;
			target = AEEBE1BF22AC1BCC00CBA928 /* ID */;
			targetProxy = AEEBE1D522AC1BCD00CBA928 /* PBXContainerItemProxy */;
		};
		AEEBE1E122AC1BCD00CBA928 /* PBXTargetDependency */ = {
			isa = PBXTargetDependency;
			target = AEEBE1BF22AC1BCC00CBA928 /* ID */;
			targetProxy = AEEBE1E022AC1BCD00CBA928 /* PBXContainerItemProxy */;
		};
/* End PBXTargetDependency section */

/* Begin PBXVariantGroup section */
		AEEBE1C722AC1BCC00CBA928 /* Main.storyboard */ = {
			isa = PBXVariantGroup;
			children = (
				AEEBE1C822AC1BCC00CBA928 /* Base */,
			);
			name = Main.storyboard;
			sourceTree = "<group>";
		};
		AEEBE1CC22AC1BCD00CBA928 /* LaunchScreen.storyboard */ = {
			isa = PBXVariantGroup;
			children = (
				AEEBE1CD22AC1BCD00CBA928 /* Base */,
			);
			name = LaunchScreen.storyboard;
			sourceTree = "<group>";
		};
/* End PBXVariantGroup section */

/* Begin XCBuildConfiguration section */
		AEEBE1E622AC1BCD00CBA928 /* Debug */ = {
			isa = XCBuildConfiguration;
			buildSettings = {
				ALWAYS_SEARCH_USER_PATHS = NO;
				CLANG_ANALYZER_NONNULL = YES;
				CLANG_ANALYZER_NUMBER_OBJECT_CONVERSION = YES_AGGRESSIVE;
				CLANG_CXX_LANGUAGE_STANDARD = "gnu++14";
				CLANG_CXX_LIBRARY = "libc++";
				CLANG_ENABLE_MODULES = YES;
				CLANG_ENABLE_OBJC_ARC = YES;
				CLANG_ENABLE_OBJC_WEAK = YES;
				CLANG_WARN_BLOCK_CAPTURE_AUTORELEASING = YES;
				CLANG_WARN_BOOL_CONVERSION = YES;
				CLANG_WARN_COMMA = YES;
				CLANG_WARN_CONSTANT_CONVERSION = YES;
				CLANG_WARN_DEPRECATED_OBJC_IMPLEMENTATIONS = YES;
				CLANG_WARN_DIRECT_OBJC_ISA_USAGE = YES_ERROR;
				CLANG_WARN_DOCUMENTATION_COMMENTS = YES;
				CLANG_WARN_EMPTY_BODY = YES;
				CLANG_WARN_ENUM_CONVERSION = YES;
				CLANG_WARN_INFINITE_RECURSION = YES;
				CLANG_WARN_INT_CONVERSION = YES;
				CLANG_WARN_NON_LITERAL_NULL_CONVERSION = YES;
				CLANG_WARN_OBJC_IMPLICIT_RETAIN_SELF = YES;
				CLANG_WARN_OBJC_LITERAL_CONVERSION = YES;
				CLANG_WARN_OBJC_ROOT_CLASS = YES_ERROR;
				CLANG_WARN_RANGE_LOOP_ANALYSIS = YES;
				CLANG_WARN_STRICT_PROTOTYPES = YES;
				CLANG_WARN_SUSPICIOUS_MOVE = YES;
				CLANG_WARN_UNGUARDED_AVAILABILITY = YES_AGGRESSIVE;
				CLANG_WARN_UNREACHABLE_CODE = YES;
				CLANG_WARN__DUPLICATE_METHOD_MATCH = YES;
				CODE_SIGN_IDENTITY = "iPhone Developer";
				COPY_PHASE_STRIP = NO;
				DEBUG_INFORMATION_FORMAT = dwarf;
				ENABLE_STRICT_OBJC_MSGSEND = YES;
				ENABLE_TESTABILITY = YES;
				GCC_C_LANGUAGE_STANDARD = gnu11;
				GCC_DYNAMIC_NO_PIC = NO;
				GCC_NO_COMMON_BLOCKS = YES;
				GCC_OPTIMIZATION_LEVEL = 0;
				GCC_PREPROCESSOR_DEFINITIONS = (
					"DEBUG=1",
					"$(inherited)",
				);
				GCC_WARN_64_TO_32_BIT_CONVERSION = YES;
				GCC_WARN_ABOUT_RETURN_TYPE = YES_ERROR;
				GCC_WARN_UNDECLARED_SELECTOR = YES;
				GCC_WARN_UNINITIALIZED_AUTOS = YES_AGGRESSIVE;
				GCC_WARN_UNUSED_FUNCTION = YES;
				GCC_WARN_UNUSED_VARIABLE = YES;
				IPHONEOS_DEPLOYMENT_TARGET = 12.2;
				MTL_ENABLE_DEBUG_INFO = INCLUDE_SOURCE;
				MTL_FAST_MATH = YES;
				ONLY_ACTIVE_ARCH = YES;
				SDKROOT = iphoneos;
				SWIFT_ACTIVE_COMPILATION_CONDITIONS = DEBUG;
				SWIFT_OPTIMIZATION_LEVEL = "-Onone";
			};
			name = Debug;
		};
		AEEBE1E722AC1BCD00CBA928 /* Release */ = {
			isa = XCBuildConfiguration;
			buildSettings = {
				ALWAYS_SEARCH_USER_PATHS = NO;
				CLANG_ANALYZER_NONNULL = YES;
				CLANG_ANALYZER_NUMBER_OBJECT_CONVERSION = YES_AGGRESSIVE;
				CLANG_CXX_LANGUAGE_STANDARD = "gnu++14";
				CLANG_CXX_LIBRARY = "libc++";
				CLANG_ENABLE_MODULES = YES;
				CLANG_ENABLE_OBJC_ARC = YES;
				CLANG_ENABLE_OBJC_WEAK = YES;
				CLANG_WARN_BLOCK_CAPTURE_AUTORELEASING = YES;
				CLANG_WARN_BOOL_CONVERSION = YES;
				CLANG_WARN_COMMA = YES;
				CLANG_WARN_CONSTANT_CONVERSION = YES;
				CLANG_WARN_DEPRECATED_OBJC_IMPLEMENTATIONS = YES;
				CLANG_WARN_DIRECT_OBJC_ISA_USAGE = YES_ERROR;
				CLANG_WARN_DOCUMENTATION_COMMENTS = YES;
				CLANG_WARN_EMPTY_BODY = YES;
				CLANG_WARN_ENUM_CONVERSION = YES;
				CLANG_WARN_INFINITE_RECURSION = YES;
				CLANG_WARN_INT_CONVERSION = YES;
				CLANG_WARN_NON_LITERAL_NULL_CONVERSION = YES;
				CLANG_WARN_OBJC_IMPLICIT_RETAIN_SELF = YES;
				CLANG_WARN_OBJC_LITERAL_CONVERSION = YES;
				CLANG_WARN_OBJC_ROOT_CLASS = YES_ERROR;
				CLANG_WARN_RANGE_LOOP_ANALYSIS = YES;
				CLANG_WARN_STRICT_PROTOTYPES = YES;
				CLANG_WARN_SUSPICIOUS_MOVE = YES;
				CLANG_WARN_UNGUARDED_AVAILABILITY = YES_AGGRESSIVE;
				CLANG_WARN_UNREACHABLE_CODE = YES;
				CLANG_WARN__DUPLICATE_METHOD_MATCH = YES;
				CODE_SIGN_IDENTITY = "iPhone Developer";
				COPY_PHASE_STRIP = NO;
				DEBUG_INFORMATION_FORMAT = "dwarf-with-dsym";
				ENABLE_NS_ASSERTIONS = NO;
				ENABLE_STRICT_OBJC_MSGSEND = YES;
				GCC_C_LANGUAGE_STANDARD = gnu11;
				GCC_NO_COMMON_BLOCKS = YES;
				GCC_WARN_64_TO_32_BIT_CONVERSION = YES;
				GCC_WARN_ABOUT_RETURN_TYPE = YES_ERROR;
				GCC_WARN_UNDECLARED_SELECTOR = YES;
				GCC_WARN_UNINITIALIZED_AUTOS = YES_AGGRESSIVE;
				GCC_WARN_UNUSED_FUNCTION = YES;
				GCC_WARN_UNUSED_VARIABLE = YES;
				IPHONEOS_DEPLOYMENT_TARGET = 12.2;
				MTL_ENABLE_DEBUG_INFO = NO;
				MTL_FAST_MATH = YES;
				SDKROOT = iphoneos;
				SWIFT_COMPILATION_MODE = wholemodule;
				SWIFT_OPTIMIZATION_LEVEL = "-O";
				VALIDATE_PRODUCT = YES;
			};
			name = Release;
		};
		AEEBE1E922AC1BCD00CBA928 /* Debug */ = {
			isa = XCBuildConfiguration;
			buildSettings = {
				ASSETCATALOG_COMPILER_APPICON_NAME = AppIcon;
				CODE_SIGN_STYLE = Automatic;
				INFOPLIST_FILE = ID/Info.plist;
				LD_RUNPATH_SEARCH_PATHS = (
					"$(inherited)",
					"@executable_path/Frameworks",
				);
				PRODUCT_BUNDLE_IDENTIFIER = "io-github.takusan23.ID";
				PRODUCT_NAME = "$(TARGET_NAME)";
				SWIFT_VERSION = 5.0;
				TARGETED_DEVICE_FAMILY = "1,2";
			};
			name = Debug;
		};
		AEEBE1EA22AC1BCD00CBA928 /* Release */ = {
			isa = XCBuildConfiguration;
			buildSettings = {
				ASSETCATALOG_COMPILER_APPICON_NAME = AppIcon;
				CODE_SIGN_STYLE = Automatic;
				INFOPLIST_FILE = ID/Info.plist;
				LD_RUNPATH_SEARCH_PATHS = (
					"$(inherited)",
					"@executable_path/Frameworks",
				);
				PRODUCT_BUNDLE_IDENTIFIER = "io-github.takusan23.ID";
				PRODUCT_NAME = "$(TARGET_NAME)";
				SWIFT_VERSION = 5.0;
				TARGETED_DEVICE_FAMILY = "1,2";
			};
			name = Release;
		};
		AEEBE1EC22AC1BCD00CBA928 /* Debug */ = {
			isa = XCBuildConfiguration;
			buildSettings = {
				ALWAYS_EMBED_SWIFT_STANDARD_LIBRARIES = YES;
				BUNDLE_LOADER = "$(TEST_HOST)";
				CODE_SIGN_STYLE = Automatic;
				INFOPLIST_FILE = IDTests/Info.plist;
				LD_RUNPATH_SEARCH_PATHS = (
					"$(inherited)",
					"@executable_path/Frameworks",
					"@loader_path/Frameworks",
				);
				PRODUCT_BUNDLE_IDENTIFIER = "io-github.takusan23.IDTests";
				PRODUCT_NAME = "$(TARGET_NAME)";
				SWIFT_VERSION = 5.0;
				TARGETED_DEVICE_FAMILY = "1,2";
				TEST_HOST = "$(BUILT_PRODUCTS_DIR)/ID.app/ID";
			};
			name = Debug;
		};
		AEEBE1ED22AC1BCD00CBA928 /* Release */ = {
			isa = XCBuildConfiguration;
			buildSettings = {
				ALWAYS_EMBED_SWIFT_STANDARD_LIBRARIES = YES;
				BUNDLE_LOADER = "$(TEST_HOST)";
				CODE_SIGN_STYLE = Automatic;
				INFOPLIST_FILE = IDTests/Info.plist;
				LD_RUNPATH_SEARCH_PATHS = (
					"$(inherited)",
					"@executable_path/Frameworks",
					"@loader_path/Frameworks",
				);
				PRODUCT_BUNDLE_IDENTIFIER = "io-github.takusan23.IDTests";
				PRODUCT_NAME = "$(TARGET_NAME)";
				SWIFT_VERSION = 5.0;
				TARGETED_DEVICE_FAMILY = "1,2";
				TEST_HOST = "$(BUILT_PRODUCTS_DIR)/ID.app/ID";
			};
			name = Release;
		};
		AEEBE1EF22AC1BCD00CBA928 /* Debug */ = {
			isa = XCBuildConfiguration;
			buildSettings = {
				ALWAYS_EMBED_SWIFT_STANDARD_LIBRARIES = YES;
				CODE_SIGN_STYLE = Automatic;
				INFOPLIST_FILE = IDUITests/Info.plist;
				LD_RUNPATH_SEARCH_PATHS = (
					"$(inherited)",
					"@executable_path/Frameworks",
					"@loader_path/Frameworks",
				);
				PRODUCT_BUNDLE_IDENTIFIER = "io-github.takusan23.IDUITests";
				PRODUCT_NAME = "$(TARGET_NAME)";
				SWIFT_VERSION = 5.0;
				TARGETED_DEVICE_FAMILY = "1,2";
				TEST_TARGET_NAME = ID;
			};
			name = Debug;
		};
		AEEBE1F022AC1BCD00CBA928 /* Release */ = {
			isa = XCBuildConfiguration;
			buildSettings = {
				ALWAYS_EMBED_SWIFT_STANDARD_LIBRARIES = YES;
				CODE_SIGN_STYLE = Automatic;
				INFOPLIST_FILE = IDUITests/Info.plist;
				LD_RUNPATH_SEARCH_PATHS = (
					"$(inherited)",
					"@executable_path/Frameworks",
					"@loader_path/Frameworks",
				);
				PRODUCT_BUNDLE_IDENTIFIER = "io-github.takusan23.IDUITests";
				PRODUCT_NAME = "$(TARGET_NAME)";
				SWIFT_VERSION = 5.0;
				TARGETED_DEVICE_FAMILY = "1,2";
				TEST_TARGET_NAME = ID;
			};
			name = Release;
		};
/* End XCBuildConfiguration section */

/* Begin XCConfigurationList section */
		AEEBE1BB22AC1BCB00CBA928 /* Build configuration list for PBXProject "ID" */ = {
			isa = XCConfigurationList;
			buildConfigurations = (
				AEEBE1E622AC1BCD00CBA928 /* Debug */,
				AEEBE1E722AC1BCD00CBA928 /* Release */,
			);
			defaultConfigurationIsVisible = 0;
			defaultConfigurationName = Release;
		};
		AEEBE1E822AC1BCD00CBA928 /* Build configuration list for PBXNativeTarget "ID" */ = {
			isa = XCConfigurationList;
			buildConfigurations = (
				AEEBE1E922AC1BCD00CBA928 /* Debug */,
				AEEBE1EA22AC1BCD00CBA928 /* Release */,
			);
			defaultConfigurationIsVisible = 0;
			defaultConfigurationName = Release;
		};
		AEEBE1EB22AC1BCD00CBA928 /* Build configuration list for PBXNativeTarget "IDTests" */ = {
			isa = XCConfigurationList;
			buildConfigurations = (
				AEEBE1EC22AC1BCD00CBA928 /* Debug */,
				AEEBE1ED22AC1BCD00CBA928 /* Release */,
			);
			defaultConfigurationIsVisible = 0;
			defaultConfigurationName = Release;
		};
		AEEBE1EE22AC1BCD00CBA928 /* Build configuration list for PBXNativeTarget "IDUITests" */ = {
			isa = XCConfigurationList;
			buildConfigurations = (
				AEEBE1EF22AC1BCD00CBA928 /* Debug */,
				AEEBE1F022AC1BCD00CBA928 /* Release */,
			);
			defaultConfigurationIsVisible = 0;
			defaultConfigurationName = Release;
		};
/* End XCConfigurationList section */
	};
	rootObject = AEEBE1B822AC1BCB00CBA928 /* Project object */;
}
